
Microsoft Visual Studio Solution File, Format Version 12.00
# Visual Studio Version 17
VisualStudioVersion = 17.10.35122.118
MinimumVisualStudioVersion = 10.0.40219.1
Project("{FAE04EC0-301F-11D3-BF4B-00C04F79EFBC}") = "PestRaidAPI", "PestRaidAPI\PestRaidAPI.csproj", "{AD4A7A94-3A15-463B-9C70-110735F7AA31}"
EndProject
Project("{FAE04EC0-301F-11D3-BF4B-00C04F79EFBC}") = "Core", "Core\Core.csproj", "{9D764CC9-91D7-4EC6-9BF7-9C9588506E49}"
EndProject
Project("{FAE04EC0-301F-11D3-BF4B-00C04F79EFBC}") = "Entities", "Entities\Entities.csproj", "{CB3F57DB-2638-403D-BBBD-FF95DA65EC90}"
EndProject
Project("{FAE04EC0-301F-11D3-BF4B-00C04F79EFBC}") = "DataAccess", "DataAccess\DataAccess.csproj", "{317ED664-F931-4CED-99A0-BE5E43E84E15}"
EndProject
Project("{FAE04EC0-301F-11D3-BF4B-00C04F79EFBC}") = "Business", "Business\Business.csproj", "{B45D8415-19AE-423C-9B92-604C283B3635}"
EndProject
Global
	GlobalSection(SolutionConfigurationPlatforms) = preSolution
		Debug|Any CPU = Debug|Any CPU
		Release|Any CPU = Release|Any CPU
	EndGlobalSection
	GlobalSection(ProjectConfigurationPlatforms) = postSolution
		{AD4A7A94-3A15-463B-9C70-110735F7AA31}.Debug|Any CPU.ActiveCfg = Debug|Any CPU
		{AD4A7A94-3A15-463B-9C70-110735F7AA31}.Debug|Any CPU.Build.0 = Debug|Any CPU
		{AD4A7A94-3A15-463B-9C70-110735F7AA31}.Release|Any CPU.ActiveCfg = Release|Any CPU
		{AD4A7A94-3A15-463B-9C70-110735F7AA31}.Release|Any CPU.Build.0 = Release|Any CPU
		{9D764CC9-91D7-4EC6-9BF7-9C9588506E49}.Debug|Any CPU.ActiveCfg = Debug|Any CPU
		{9D764CC9-91D7-4EC6-9BF7-9C9588506E49}.Debug|Any CPU.Build.0 = Debug|Any CPU
		{9D764CC9-91D7-4EC6-9BF7-9C9588506E49}.Release|Any CPU.ActiveCfg = Release|Any CPU
		{9D764CC9-91D7-4EC6-9BF7-9C9588506E49}.Release|Any CPU.Build.0 = Release|Any CPU
		{CB3F57DB-2638-403D-BBBD-FF95DA65EC90}.Debug|Any CPU.ActiveCfg = Debug|Any CPU
		{CB3F57DB-2638-403D-BBBD-FF95DA65EC90}.Debug|Any CPU.Build.0 = Debug|Any CPU
		{CB3F57DB-2638-403D-BBBD-FF95DA65EC90}.Release|Any CPU.ActiveCfg = Release|Any CPU
		{CB3F57DB-2638-403D-BBBD-FF95DA65EC90}.Release|Any CPU.Build.0 = Release|Any CPU
		{317ED664-F931-4CED-99A0-BE5E43E84E15}.Debug|Any CPU.ActiveCfg = Debug|Any CPU
		{317ED664-F931-4CED-99A0-BE5E43E84E15}.Debug|Any CPU.Build.0 = Debug|Any CPU
		{317ED664-F931-4CED-99A0-BE5E43E84E15}.Release|Any CPU.ActiveCfg = Release|Any CPU
		{317ED664-F931-4CED-99A0-BE5E43E84E15}.Release|Any CPU.Build.0 = Release|Any CPU
		{B45D8415-19AE-423C-9B92-604C283B3635}.Debug|Any CPU.ActiveCfg = Debug|Any CPU
		{B45D8415-19AE-423C-9B92-604C283B3635}.Debug|Any CPU.Build.0 = Debug|Any CPU
		{B45D8415-19AE-423C-9B92-604C283B3635}.Release|Any CPU.ActiveCfg = Release|Any CPU
		{B45D8415-19AE-423C-9B92-604C283B3635}.Release|Any CPU.Build.0 = Release|Any CPU
	EndGlobalSection
	GlobalSection(SolutionProperties) = preSolution
		HideSolutionNode = FALSE
	EndGlobalSection
	GlobalSection(ExtensibilityGlobals) = postSolution
		SolutionGuid = {35449FA7-BE06-4614-B81F-C1D948BB017A}
	EndGlobalSection
EndGlobal
